
Microsoft Visual Studio Solution File, Format Version 12.00
# Visual Studio 2012
Project("{FAE04EC0-301F-11D3-BF4B-00C04F79EFBC}") = "testLayoutTable", "testLayoutTable\testLayoutTable.csproj", "{6749A3E1-7984-4095-98C6-AF3E47892577}"
EndProject
Global
	GlobalSection(SolutionConfigurationPlatforms) = preSolution
		Debug|iPhoneSimulator = Debug|iPhoneSimulator
		Release|iPhoneSimulator = Release|iPhoneSimulator
		Debug|iPhone = Debug|iPhone
		Release|iPhone = Release|iPhone
		Ad-Hoc|iPhone = Ad-Hoc|iPhone
		AppStore|iPhone = AppStore|iPhone
	EndGlobalSection
	GlobalSection(ProjectConfigurationPlatforms) = postSolution
		{6749A3E1-7984-4095-98C6-AF3E47892577}.Ad-Hoc|iPhone.ActiveCfg = Ad-Hoc|iPhone
		{6749A3E1-7984-4095-98C6-AF3E47892577}.Ad-Hoc|iPhone.Build.0 = Ad-Hoc|iPhone
		{6749A3E1-7984-4095-98C6-AF3E47892577}.AppStore|iPhone.ActiveCfg = AppStore|iPhone
		{6749A3E1-7984-4095-98C6-AF3E47892577}.AppStore|iPhone.Build.0 = AppStore|iPhone
		{6749A3E1-7984-4095-98C6-AF3E47892577}.Debug|iPhone.ActiveCfg = Debug|iPhone
		{6749A3E1-7984-4095-98C6-AF3E47892577}.Debug|iPhone.Build.0 = Debug|iPhone
		{6749A3E1-7984-4095-98C6-AF3E47892577}.Debug|iPhoneSimulator.ActiveCfg = Debug|iPhoneSimulator
		{6749A3E1-7984-4095-98C6-AF3E47892577}.Debug|iPhoneSimulator.Build.0 = Debug|iPhoneSimulator
		{6749A3E1-7984-4095-98C6-AF3E47892577}.Release|iPhone.ActiveCfg = Release|iPhone
		{6749A3E1-7984-4095-98C6-AF3E47892577}.Release|iPhone.Build.0 = Release|iPhone
		{6749A3E1-7984-4095-98C6-AF3E47892577}.Release|iPhoneSimulator.ActiveCfg = Release|iPhoneSimulator
		{6749A3E1-7984-4095-98C6-AF3E47892577}.Release|iPhoneSimulator.Build.0 = Release|iPhoneSimulator
	EndGlobalSection
EndGlobal
